
Microsoft Visual Studio Solution File, Format Version 12.00
# Visual Studio 16
Project("{FAE04EC0-301F-11D3-BF4B-00C04F79EFBC}") = "Assembly-CSharp", "Assembly-CSharp.csproj", "{F87A0CBB-DC58-6016-91C4-6EDD452C1FBC}"
EndProject
Global
	GlobalSection(SolutionConfigurationPlatforms) = preSolution
		Debug|Any CPU = Debug|Any CPU
		Release|Any CPU = Release|Any CPU
	EndGlobalSection
	GlobalSection(ProjectConfigurationPlatforms) = postSolution
		{F87A0CBB-DC58-6016-91C4-6EDD452C1FBC}.Debug|Any CPU.ActiveCfg = Debug|Any CPU
		{F87A0CBB-DC58-6016-91C4-6EDD452C1FBC}.Debug|Any CPU.Build.0 = Debug|Any CPU
		{F87A0CBB-DC58-6016-91C4-6EDD452C1FBC}.Release|Any CPU.ActiveCfg = Release|Any CPU
		{F87A0CBB-DC58-6016-91C4-6EDD452C1FBC}.Release|Any CPU.Build.0 = Release|Any CPU
	EndGlobalSection
	GlobalSection(SolutionProperties) = preSolution
		HideSolutionNode = FALSE
	EndGlobalSection
EndGlobal
